
Microsoft Visual Studio Solution File, Format Version 12.00
Project("{FAE04EC0-301F-11D3-BF4B-00C04F79EFBC}") = "NeXenAdminPortal", "NeXenAdminPortal.csproj", "{8E7C16EE-4674-4BDD-82C3-9CC6CC6B5D8E}"
EndProject
Global
	GlobalSection(SolutionConfigurationPlatforms) = preSolution
		Debug|Any CPU = Debug|Any CPU
		Release|Any CPU = Release|Any CPU
	EndGlobalSection
	GlobalSection(ProjectConfigurationPlatforms) = postSolution
		{8E7C16EE-4674-4BDD-82C3-9CC6CC6B5D8E}.Debug|Any CPU.ActiveCfg = Debug|Any CPU
		{8E7C16EE-4674-4BDD-82C3-9CC6CC6B5D8E}.Debug|Any CPU.Build.0 = Debug|Any CPU
		{8E7C16EE-4674-4BDD-82C3-9CC6CC6B5D8E}.Release|Any CPU.ActiveCfg = Release|Any CPU
		{8E7C16EE-4674-4BDD-82C3-9CC6CC6B5D8E}.Release|Any CPU.Build.0 = Release|Any CPU
	EndGlobalSection
EndGlobal
